
Microsoft Visual Studio Solution File, Format Version 12.00
# Visual Studio 15
VisualStudioVersion = 15.0.28307.779
MinimumVisualStudioVersion = 10.0.40219.1
Project("{FAE04EC0-301F-11D3-BF4B-00C04F79EFBC}") = "SpreadexDrawingApp", "SpreadexDrawingApp\SpreadexDrawingApp.csproj", "{2D886809-57D9-47DA-9087-88CA60EB64BC}"
EndProject
Global
	GlobalSection(SolutionConfigurationPlatforms) = preSolution
		Debug|Any CPU = Debug|Any CPU
		Release|Any CPU = Release|Any CPU
	EndGlobalSection
	GlobalSection(ProjectConfigurationPlatforms) = postSolution
		{2D886809-57D9-47DA-9087-88CA60EB64BC}.Debug|Any CPU.ActiveCfg = Debug|Any CPU
		{2D886809-57D9-47DA-9087-88CA60EB64BC}.Debug|Any CPU.Build.0 = Debug|Any CPU
		{2D886809-57D9-47DA-9087-88CA60EB64BC}.Release|Any CPU.ActiveCfg = Release|Any CPU
		{2D886809-57D9-47DA-9087-88CA60EB64BC}.Release|Any CPU.Build.0 = Release|Any CPU
	EndGlobalSection
	GlobalSection(SolutionProperties) = preSolution
		HideSolutionNode = FALSE
	EndGlobalSection
	GlobalSection(ExtensibilityGlobals) = postSolution
		SolutionGuid = {208113B2-6324-4CD3-A09B-C83DD65A67DC}
	EndGlobalSection
EndGlobal
